{
  "nodes": {
    "emacs-overlay": {
      "locked": {
        "lastModified": 1628616239,
        "narHash": "sha256-Bc3UGJN5+F8QZj+jFeRxzH76kD54ZP2+Angs85O6rwk=",
        "owner": "nix-community",
        "repo": "emacs-overlay",
        "rev": "6fe3660aa31a51f5191300cbaec2ba32c9a700e5",
        "type": "github"
      },
      "original": {
        "owner": "nix-community",
        "repo": "emacs-overlay",
        "type": "github"
      }
    },
    "flake-compat": {
      "flake": false,
      "locked": {
        "lastModified": 1627913399,
        "narHash": "sha256-hY8g6H2KFL8ownSiFeMOjwPC8P0ueXpCVEbxgda3pko=",
        "owner": "edolstra",
        "repo": "flake-compat",
        "rev": "12c64ca55c1014cdc1b16ed5a804aa8576601ff2",
        "type": "github"
      },
      "original": {
        "owner": "edolstra",
        "repo": "flake-compat",
        "type": "github"
      }
    },
    "flake-utils": {
      "locked": {
        "lastModified": 1623875721,
        "narHash": "sha256-A8BU7bjS5GirpAUv4QA+QnJ4CceLHkcXdRp4xITDB0s=",
        "owner": "numtide",
        "repo": "flake-utils",
        "rev": "f7e004a55b120c02ecb6219596820fcd32ca8772",
        "type": "github"
      },
      "original": {
        "owner": "numtide",
        "repo": "flake-utils",
        "type": "github"
      }
    },
    "home-manager": {
      "inputs": {
        "nixpkgs": "nixpkgs"
      },
      "locked": {
        "lastModified": 1628620860,
        "narHash": "sha256-ETgFNCbhwQC+Klgwf6uW/XsdhzJk7EwtFNTOBa1GarE=",
        "owner": "nix-community",
        "repo": "home-manager",
        "rev": "a57ef9dad197e3941e9f4bdbbfe5d9213e7d47ed",
        "type": "github"
      },
      "original": {
        "owner": "nix-community",
        "repo": "home-manager",
        "type": "github"
      }
    },
    "neovim-flake": {
      "inputs": {
        "flake-utils": "flake-utils",
        "nixpkgs": [
          "nixpkgs"
        ]
      },
      "locked": {
        "dir": "contrib",
        "lastModified": 1628546218,
        "narHash": "sha256-ZRDA6x4FNw6DqdZS7Itpj0oONWVkA0/Htj2Gc1nreW4=",
        "owner": "neovim",
        "repo": "neovim",
        "rev": "1a10acb997d2c454bef2c787faecde429c0c977b",
        "type": "github"
      },
      "original": {
        "dir": "contrib",
        "owner": "neovim",
        "repo": "neovim",
        "type": "github"
      }
    },
    "neovim-nightly-overlay": {
      "inputs": {
        "flake-compat": "flake-compat",
        "neovim-flake": "neovim-flake",
        "nixpkgs": "nixpkgs_2"
      },
      "locked": {
        "lastModified": 1628583586,
        "narHash": "sha256-XsC4EP6VXrD8rYQBMOnuvdnpDCrcMUgdpLJ+wH+OaRE=",
        "owner": "nix-community",
        "repo": "neovim-nightly-overlay",
        "rev": "117ae334f0a35d06de8585fde7240b6f7e3f1bb4",
        "type": "github"
      },
      "original": {
        "owner": "nix-community",
        "repo": "neovim-nightly-overlay",
        "type": "github"
      }
    },
    "nixpkgs": {
      "locked": {
        "lastModified": 1628631191,
        "narHash": "sha256-tzxfzA5pybxr1MM9G+W7ZeV+vSkTKW2cL8dzBRNprVQ=",
        "owner": "NixOS",
        "repo": "nixpkgs",
        "rev": "1f7aefdc3d608e19b3524375f542b79111ed69e6",
        "type": "github"
      },
      "original": {
        "id": "nixpkgs",
        "type": "indirect"
      }
    },
    "nixpkgs_2": {
      "locked": {
        "lastModified": 1628465643,
        "narHash": "sha256-QSNw9bDq9uGUniQQtakRuw4m21Jxugm23SXLVgEV4DM=",
        "owner": "nixos",
        "repo": "nixpkgs",
        "rev": "6ef4f522d63f22b40004319778761040d3197390",
        "type": "github"
      },
      "original": {
        "owner": "nixos",
        "ref": "nixos-unstable",
        "repo": "nixpkgs",
        "type": "github"
      }
    },
    "nixpkgs_3": {
      "locked": {
        "lastModified": 1628631191,
        "narHash": "sha256-tzxfzA5pybxr1MM9G+W7ZeV+vSkTKW2cL8dzBRNprVQ=",
        "owner": "NixOS",
        "repo": "nixpkgs",
        "rev": "1f7aefdc3d608e19b3524375f542b79111ed69e6",
        "type": "github"
      },
      "original": {
        "id": "nixpkgs",
        "type": "indirect"
      }
    },
    "nur": {
      "locked": {
        "lastModified": 1628623877,
        "narHash": "sha256-80gliwtQrCh9kZNHw3O/RJLCRzY3J7iARMMqk9Fv9Yc=",
        "owner": "nix-community",
        "repo": "NUR",
        "rev": "618098616bc44b1582b6b53c82a2125c512374aa",
        "type": "github"
      },
      "original": {
        "owner": "nix-community",
        "repo": "NUR",
        "type": "github"
      }
    },
    "root": {
      "inputs": {
        "emacs-overlay": "emacs-overlay",
        "home-manager": "home-manager",
        "neovim-nightly-overlay": "neovim-nightly-overlay",
        "nixpkgs": "nixpkgs_3",
        "nur": "nur"
      }
    }
  },
  "root": "root",
  "version": 7
}
