{
  "nodes": {
    "cachix": {
      "locked": {
        "lastModified": 1631605787,
        "narHash": "sha256-tkTLOHLuDVCz/X9ziOQRFnuSI+ozCT2XQz6dZlMFf2A=",
        "owner": "cachix",
        "repo": "cachix",
        "rev": "0831dc19202b6e17898ce4fec7029ac9a74b84ce",
        "type": "github"
      },
      "original": {
        "owner": "cachix",
        "repo": "cachix",
        "type": "github"
      }
    },
    "cachix_2": {
      "locked": {
        "lastModified": 1631706269,
        "narHash": "sha256-KVaS+GC3gz/G5qL09ZUnq4gpQR38C+AWuXJ1ftirgK0=",
        "owner": "nixos",
        "repo": "nixpkgs",
        "rev": "8dd8bd8be74879f9f7919b16a4cb5ab2a75f18e5",
        "type": "github"
      },
      "original": {
        "owner": "nixos",
        "ref": "nixos-21.05",
        "repo": "nixpkgs",
        "type": "github"
      }
    },
    "emacs-overlay": {
      "locked": {
        "lastModified": 1632474866,
        "narHash": "sha256-3R1UzSwSgyYOehDDlPwiZGlqXuageNj34/T/DlrlIwI=",
        "owner": "nix-community",
        "repo": "emacs-overlay",
        "rev": "ead10b2f8cd55b43dfa0c3384b507a8bb5a4b6bc",
        "type": "github"
      },
      "original": {
        "owner": "nix-community",
        "repo": "emacs-overlay",
        "type": "github"
      }
    },
    "flake-compat": {
      "flake": false,
      "locked": {
        "lastModified": 1627913399,
        "narHash": "sha256-hY8g6H2KFL8ownSiFeMOjwPC8P0ueXpCVEbxgda3pko=",
        "owner": "edolstra",
        "repo": "flake-compat",
        "rev": "12c64ca55c1014cdc1b16ed5a804aa8576601ff2",
        "type": "github"
      },
      "original": {
        "owner": "edolstra",
        "repo": "flake-compat",
        "type": "github"
      }
    },
    "flake-utils": {
      "locked": {
        "lastModified": 1629481132,
        "narHash": "sha256-JHgasjPR0/J1J3DRm4KxM4zTyAj4IOJY8vIl75v/kPI=",
        "owner": "numtide",
        "repo": "flake-utils",
        "rev": "997f7efcb746a9c140ce1f13c72263189225f482",
        "type": "github"
      },
      "original": {
        "owner": "numtide",
        "repo": "flake-utils",
        "type": "github"
      }
    },
    "home-manager": {
      "inputs": {
        "nixpkgs": "nixpkgs"
      },
      "locked": {
        "lastModified": 1632431340,
        "narHash": "sha256-9xUnx5aeDp8Irg2/rWBKn3AjiiQTtsjTX0UshzMXy94=",
        "owner": "nix-community",
        "repo": "home-manager",
        "rev": "b0651cc2173427857b172604f85da6afe69e1d41",
        "type": "github"
      },
      "original": {
        "owner": "nix-community",
        "repo": "home-manager",
        "type": "github"
      }
    },
    "neovim-flake": {
      "inputs": {
        "flake-utils": "flake-utils",
        "nixpkgs": [
          "neovim-nightly-overlay",
          "nixpkgs"
        ]
      },
      "locked": {
        "dir": "contrib",
        "lastModified": 1632446410,
        "narHash": "sha256-TkD1UKZkNe/d4rF+5Zf5lha0ixRT6LSFeA/TenPWZxM=",
        "owner": "neovim",
        "repo": "neovim",
        "rev": "433bda405e1fa82db23660a73f275cac5ecca95e",
        "type": "github"
      },
      "original": {
        "dir": "contrib",
        "owner": "neovim",
        "repo": "neovim",
        "type": "github"
      }
    },
    "neovim-nightly-overlay": {
      "inputs": {
        "flake-compat": "flake-compat",
        "neovim-flake": "neovim-flake",
        "nixpkgs": "nixpkgs_2"
      },
      "locked": {
        "lastModified": 1632471179,
        "narHash": "sha256-XHYRVKt+tQxcVv9KmM/7JK6KOhU/KlyrDhFxVXDfiAE=",
        "owner": "nix-community",
        "repo": "neovim-nightly-overlay",
        "rev": "5c16bf28d8b4115cdcb9bf415272d5f76a2951a4",
        "type": "github"
      },
      "original": {
        "owner": "nix-community",
        "repo": "neovim-nightly-overlay",
        "type": "github"
      }
    },
    "nixpkgs": {
      "locked": {
        "lastModified": 1632497982,
        "narHash": "sha256-+DPFQeaWXvZtp9/QfGJn+gSLX3GjK4FWZgfnFp0iENo=",
        "owner": "NixOS",
        "repo": "nixpkgs",
        "rev": "d0220562772b787d58c48df3434f36da1f552bdc",
        "type": "github"
      },
      "original": {
        "id": "nixpkgs",
        "type": "indirect"
      }
    },
    "nixpkgs-wayland": {
      "inputs": {
        "cachix": "cachix_2",
        "nixpkgs": "nixpkgs_4"
      },
      "locked": {
        "lastModified": 1631953520,
        "narHash": "sha256-IaP5CJfoggUE/7KDmhRWQA2aRuEdKzRU+lcI7kppCXY=",
        "owner": "colemickens",
        "repo": "nixpkgs-wayland",
        "rev": "d226ce0237e6ed6346bffafb949bb50da2c30b3c",
        "type": "github"
      },
      "original": {
        "owner": "colemickens",
        "repo": "nixpkgs-wayland",
        "type": "github"
      }
    },
    "nixpkgs_2": {
      "locked": {
        "lastModified": 1632411313,
        "narHash": "sha256-lekODc44lVo9/0EwGiX6LoEt2KhiPdcfNopealMJ7n4=",
        "owner": "nixos",
        "repo": "nixpkgs",
        "rev": "51bcdc4cdaac48535dabf0ad4642a66774c609ed",
        "type": "github"
      },
      "original": {
        "owner": "nixos",
        "ref": "nixos-unstable",
        "repo": "nixpkgs",
        "type": "github"
      }
    },
    "nixpkgs_3": {
      "locked": {
        "lastModified": 1632411313,
        "narHash": "sha256-lekODc44lVo9/0EwGiX6LoEt2KhiPdcfNopealMJ7n4=",
        "owner": "nixos",
        "repo": "nixpkgs",
        "rev": "51bcdc4cdaac48535dabf0ad4642a66774c609ed",
        "type": "github"
      },
      "original": {
        "owner": "nixos",
        "ref": "nixos-unstable",
        "repo": "nixpkgs",
        "type": "github"
      }
    },
    "nixpkgs_4": {
      "locked": {
        "lastModified": 1631785487,
        "narHash": "sha256-VSKEvOtaY/roDxEHFxXh6GguOqqWCJZ3E06fBdKu8+I=",
        "owner": "nixos",
        "repo": "nixpkgs",
        "rev": "79c444b5bdeaba142d128afddee14c89ecf2a968",
        "type": "github"
      },
      "original": {
        "owner": "nixos",
        "ref": "nixos-unstable",
        "repo": "nixpkgs",
        "type": "github"
      }
    },
    "nixpkgs_5": {
      "locked": {
        "lastModified": 1624561540,
        "narHash": "sha256-izJ2PYZMGMsSkg+e7c9A1x3t/yOLT+qzUM6WQsc2tqo=",
        "owner": "NixOS",
        "repo": "nixpkgs",
        "rev": "c6a049a3d32293b24c0f894a840872cf67fd7c11",
        "type": "github"
      },
      "original": {
        "owner": "NixOS",
        "ref": "nixpkgs-unstable",
        "repo": "nixpkgs",
        "type": "github"
      }
    },
    "nur": {
      "locked": {
        "lastModified": 1632493269,
        "narHash": "sha256-I5iqmmrqoSRJPL5f2sWwbF7Bvzda8WkbwBraS0FDOsc=",
        "owner": "nix-community",
        "repo": "NUR",
        "rev": "dae15adbabe8c2eeb0c77433b2056a5f692065e2",
        "type": "github"
      },
      "original": {
        "owner": "nix-community",
        "repo": "NUR",
        "type": "github"
      }
    },
    "root": {
      "inputs": {
        "cachix": "cachix",
        "emacs-overlay": "emacs-overlay",
        "home-manager": "home-manager",
        "neovim-nightly-overlay": "neovim-nightly-overlay",
        "nixpkgs": "nixpkgs_3",
        "nixpkgs-wayland": "nixpkgs-wayland",
        "nur": "nur",
        "toxic-nur": "toxic-nur"
      }
    },
    "toxic-nur": {
      "inputs": {
        "nixpkgs": "nixpkgs_5"
      },
      "locked": {
        "narHash": "sha256-GpX39GcW0wA1GTQiuAtIAPdOantUofqevj8dXuWBSdE=",
        "path": "/home/toxic/src/nur-pkgs",
        "type": "path"
      },
      "original": {
        "path": "/home/toxic/src/nur-pkgs",
        "type": "path"
      }
    }
  },
  "root": "root",
  "version": 7
}
