{
  "nodes": {
    "cachix": {
      "locked": {
        "lastModified": 1640269602,
        "narHash": "sha256-Li6GxQFtemPM0ODX+KqoVmOFLeHoqAlp+CcoowBh8lk=",
        "owner": "cachix",
        "repo": "cachix",
        "rev": "f5cd1b44c2b3dffd6cc31c56a35c55a8775acf75",
        "type": "github"
      },
      "original": {
        "owner": "cachix",
        "repo": "cachix",
        "type": "github"
      }
    },
    "emacs-overlay": {
      "locked": {
        "lastModified": 1641377966,
        "narHash": "sha256-X+X02PyW5tzQwtiVI7NSmCwRwn0YFB3ohWl85qtVp1E=",
        "owner": "nix-community",
        "repo": "emacs-overlay",
        "rev": "80fcee4b48e517338f370aa16c66d352d2a7ac6f",
        "type": "github"
      },
      "original": {
        "owner": "nix-community",
        "repo": "emacs-overlay",
        "type": "github"
      }
    },
    "flake-compat": {
      "flake": false,
      "locked": {
        "lastModified": 1641205782,
        "narHash": "sha256-4jY7RCWUoZ9cKD8co0/4tFARpWB+57+r1bLLvXNJliY=",
        "owner": "edolstra",
        "repo": "flake-compat",
        "rev": "b7547d3eed6f32d06102ead8991ec52ab0a4f1a7",
        "type": "github"
      },
      "original": {
        "owner": "edolstra",
        "repo": "flake-compat",
        "type": "github"
      }
    },
    "flake-utils": {
      "locked": {
        "lastModified": 1629481132,
        "narHash": "sha256-JHgasjPR0/J1J3DRm4KxM4zTyAj4IOJY8vIl75v/kPI=",
        "owner": "numtide",
        "repo": "flake-utils",
        "rev": "997f7efcb746a9c140ce1f13c72263189225f482",
        "type": "github"
      },
      "original": {
        "owner": "numtide",
        "repo": "flake-utils",
        "type": "github"
      }
    },
    "home-manager": {
      "inputs": {
        "nixpkgs": "nixpkgs"
      },
      "locked": {
        "lastModified": 1641355100,
        "narHash": "sha256-rg5VlPXjmmTxlHJllm3udjuMd2QjHPN1OuaAHn3fe1k=",
        "owner": "nix-community",
        "repo": "home-manager",
        "rev": "426ab2cf111fca61308bd86fe652e14aa12cc2d2",
        "type": "github"
      },
      "original": {
        "owner": "nix-community",
        "repo": "home-manager",
        "type": "github"
      }
    },
    "neovim-flake": {
      "inputs": {
        "flake-utils": "flake-utils",
        "nixpkgs": [
          "neovim-nightly-overlay",
          "nixpkgs"
        ]
      },
      "locked": {
        "dir": "contrib",
        "lastModified": 1641347729,
        "narHash": "sha256-04sUXx/ZP9Y9N7aNN94Y9tKPeD4oumndCImRNTR0XP0=",
        "owner": "neovim",
        "repo": "neovim",
        "rev": "f65b0d4236eef69b02390a51cf335b0836f35801",
        "type": "github"
      },
      "original": {
        "dir": "contrib",
        "owner": "neovim",
        "repo": "neovim",
        "type": "github"
      }
    },
    "neovim-nightly-overlay": {
      "inputs": {
        "flake-compat": "flake-compat",
        "neovim-flake": "neovim-flake",
        "nixpkgs": "nixpkgs_2"
      },
      "locked": {
        "lastModified": 1641370498,
        "narHash": "sha256-J1z+b+0qjKYjBKMyzLPjYf9lIP4jDv2TVqDN2ACzOkU=",
        "owner": "nix-community",
        "repo": "neovim-nightly-overlay",
        "rev": "65853b34932b3fc50462779b2251567f30412ab7",
        "type": "github"
      },
      "original": {
        "owner": "nix-community",
        "repo": "neovim-nightly-overlay",
        "type": "github"
      }
    },
    "nixpkgs": {
      "locked": {
        "lastModified": 1641285291,
        "narHash": "sha256-KYaOBNGar3XWTxTsYPr9P6u74KAqNq0wobEC236U+0c=",
        "owner": "NixOS",
        "repo": "nixpkgs",
        "rev": "0432195a4b8d68faaa7d3d4b355260a3120aeeae",
        "type": "github"
      },
      "original": {
        "id": "nixpkgs",
        "type": "indirect"
      }
    },
    "nixpkgs_2": {
      "locked": {
        "lastModified": 1641230035,
        "narHash": "sha256-hFyqihERaTbLxCOlugy/rpp22VLtLh8SPRnA2uu3F/8=",
        "owner": "nixos",
        "repo": "nixpkgs",
        "rev": "78cd22c1b8604de423546cd49bfe264b786eca13",
        "type": "github"
      },
      "original": {
        "owner": "nixos",
        "ref": "nixos-unstable",
        "repo": "nixpkgs",
        "type": "github"
      }
    },
    "nixpkgs_3": {
      "locked": {
        "lastModified": 1641230035,
        "narHash": "sha256-hFyqihERaTbLxCOlugy/rpp22VLtLh8SPRnA2uu3F/8=",
        "owner": "nixos",
        "repo": "nixpkgs",
        "rev": "78cd22c1b8604de423546cd49bfe264b786eca13",
        "type": "github"
      },
      "original": {
        "owner": "nixos",
        "ref": "nixos-unstable",
        "repo": "nixpkgs",
        "type": "github"
      }
    },
    "nur": {
      "locked": {
        "lastModified": 1641355656,
        "narHash": "sha256-8R99GoEDO34mKzS5b47pnmEOSZA9zEWppM+JbR0gouQ=",
        "owner": "nix-community",
        "repo": "NUR",
        "rev": "777c477c1dce9e5f2b47ca79b1db11a59207391a",
        "type": "github"
      },
      "original": {
        "owner": "nix-community",
        "repo": "NUR",
        "type": "github"
      }
    },
    "root": {
      "inputs": {
        "cachix": "cachix",
        "emacs-overlay": "emacs-overlay",
        "home-manager": "home-manager",
        "neovim-nightly-overlay": "neovim-nightly-overlay",
        "nixpkgs": "nixpkgs_3",
        "nur": "nur"
      }
    }
  },
  "root": "root",
  "version": 7
}
